
Microsoft Visual Studio Solution File, Format Version 12.00
# Visual Studio Version 17
VisualStudioVersion = 17.9.34616.47
MinimumVisualStudioVersion = 10.0.40219.1
Project("{FAE04EC0-301F-11D3-BF4B-00C04F79EFBC}") = "ProyectoFinalHotelPOO", "ProyectoFinalHotelPOO\ProyectoFinalHotelPOO.csproj", "{E34EAB59-DF2C-49C1-852A-EE15A655F6F3}"
EndProject
Global
	GlobalSection(SolutionConfigurationPlatforms) = preSolution
		Debug|Any CPU = Debug|Any CPU
		Release|Any CPU = Release|Any CPU
	EndGlobalSection
	GlobalSection(ProjectConfigurationPlatforms) = postSolution
		{E34EAB59-DF2C-49C1-852A-EE15A655F6F3}.Debug|Any CPU.ActiveCfg = Debug|Any CPU
		{E34EAB59-DF2C-49C1-852A-EE15A655F6F3}.Debug|Any CPU.Build.0 = Debug|Any CPU
		{E34EAB59-DF2C-49C1-852A-EE15A655F6F3}.Release|Any CPU.ActiveCfg = Release|Any CPU
		{E34EAB59-DF2C-49C1-852A-EE15A655F6F3}.Release|Any CPU.Build.0 = Release|Any CPU
	EndGlobalSection
	GlobalSection(SolutionProperties) = preSolution
		HideSolutionNode = FALSE
	EndGlobalSection
	GlobalSection(ExtensibilityGlobals) = postSolution
		SolutionGuid = {5CCF1CE7-E4A2-4305-8D4C-52D1AC85F0A6}
	EndGlobalSection
EndGlobal
